
Microsoft Visual Studio Solution File, Format Version 12.00
# Visual Studio 15
VisualStudioVersion = 15.0.26124.0
MinimumVisualStudioVersion = 15.0.26124.0
Project("{2150E333-8FDC-42A3-9474-1A3956D46DE8}") = "src", "src", "{6DE4C114-0474-4E13-B77D-96E4F8DCEE4A}"
EndProject
Project("{FAE04EC0-301F-11D3-BF4B-00C04F79EFBC}") = "WebApi", "src\WebApi\WebApi.csproj", "{DA4DDD74-B3D1-4457-9B0F-FDD4BF10E9F5}"
EndProject
Global
	GlobalSection(SolutionConfigurationPlatforms) = preSolution
		Debug|Any CPU = Debug|Any CPU
		Debug|x64 = Debug|x64
		Debug|x86 = Debug|x86
		Release|Any CPU = Release|Any CPU
		Release|x64 = Release|x64
		Release|x86 = Release|x86
	EndGlobalSection
	GlobalSection(SolutionProperties) = preSolution
		HideSolutionNode = FALSE
	EndGlobalSection
	GlobalSection(ProjectConfigurationPlatforms) = postSolution
		{DA4DDD74-B3D1-4457-9B0F-FDD4BF10E9F5}.Debug|Any CPU.ActiveCfg = Debug|Any CPU
		{DA4DDD74-B3D1-4457-9B0F-FDD4BF10E9F5}.Debug|Any CPU.Build.0 = Debug|Any CPU
		{DA4DDD74-B3D1-4457-9B0F-FDD4BF10E9F5}.Debug|x64.ActiveCfg = Debug|Any CPU
		{DA4DDD74-B3D1-4457-9B0F-FDD4BF10E9F5}.Debug|x64.Build.0 = Debug|Any CPU
		{DA4DDD74-B3D1-4457-9B0F-FDD4BF10E9F5}.Debug|x86.ActiveCfg = Debug|Any CPU
		{DA4DDD74-B3D1-4457-9B0F-FDD4BF10E9F5}.Debug|x86.Build.0 = Debug|Any CPU
		{DA4DDD74-B3D1-4457-9B0F-FDD4BF10E9F5}.Release|Any CPU.ActiveCfg = Release|Any CPU
		{DA4DDD74-B3D1-4457-9B0F-FDD4BF10E9F5}.Release|Any CPU.Build.0 = Release|Any CPU
		{DA4DDD74-B3D1-4457-9B0F-FDD4BF10E9F5}.Release|x64.ActiveCfg = Release|Any CPU
		{DA4DDD74-B3D1-4457-9B0F-FDD4BF10E9F5}.Release|x64.Build.0 = Release|Any CPU
		{DA4DDD74-B3D1-4457-9B0F-FDD4BF10E9F5}.Release|x86.ActiveCfg = Release|Any CPU
		{DA4DDD74-B3D1-4457-9B0F-FDD4BF10E9F5}.Release|x86.Build.0 = Release|Any CPU
	EndGlobalSection
	GlobalSection(NestedProjects) = preSolution
		{DA4DDD74-B3D1-4457-9B0F-FDD4BF10E9F5} = {6DE4C114-0474-4E13-B77D-96E4F8DCEE4A}
	EndGlobalSection
EndGlobal
